
Microsoft Visual Studio Solution File, Format Version 12.00
# Visual Studio 15
VisualStudioVersion = 15.0.26730.15
MinimumVisualStudioVersion = 10.0.40219.1
Project("{FAE04EC0-301F-11D3-BF4B-00C04F79EFBC}") = "DynamicClass", "DynamicClass\DynamicClass.csproj", "{E6A97402-308E-4264-BC2E-1F6D84BF60F0}"
EndProject
Global
	GlobalSection(SolutionConfigurationPlatforms) = preSolution
		Debug|Any CPU = Debug|Any CPU
		Release|Any CPU = Release|Any CPU
	EndGlobalSection
	GlobalSection(ProjectConfigurationPlatforms) = postSolution
		{E6A97402-308E-4264-BC2E-1F6D84BF60F0}.Debug|Any CPU.ActiveCfg = Debug|Any CPU
		{E6A97402-308E-4264-BC2E-1F6D84BF60F0}.Debug|Any CPU.Build.0 = Debug|Any CPU
		{E6A97402-308E-4264-BC2E-1F6D84BF60F0}.Release|Any CPU.ActiveCfg = Release|Any CPU
		{E6A97402-308E-4264-BC2E-1F6D84BF60F0}.Release|Any CPU.Build.0 = Release|Any CPU
	EndGlobalSection
	GlobalSection(SolutionProperties) = preSolution
		HideSolutionNode = FALSE
	EndGlobalSection
	GlobalSection(ExtensibilityGlobals) = postSolution
		SolutionGuid = {6FD81C9D-97BB-4659-B2B9-BB1553EC1F74}
	EndGlobalSection
EndGlobal
